
Microsoft Visual Studio Solution File, Format Version 12.00
# Visual Studio Version 17
VisualStudioVersion = 17.3.32922.545
MinimumVisualStudioVersion = 10.0.40219.1
Project("{9A19103F-16F7-4668-BE54-9A1E7A4F7556}") = "Books.API", "Books.API\Books.API.csproj", "{310CE048-4E23-4234-A2F8-50AAC5C39611}"
EndProject
Project("{9A19103F-16F7-4668-BE54-9A1E7A4F7556}") = "BookCovers.API", "BookCovers.API\BookCovers.API.csproj", "{01BE5131-635C-4145-A202-BBB52AFEE819}"
EndProject
Project("{9A19103F-16F7-4668-BE54-9A1E7A4F7556}") = "Books.Legacy", "Books.Legacy\Books.Legacy.csproj", "{BFFD80B2-0641-4873-94E0-F6CAB1BFBC8E}"
EndProject
Global
	GlobalSection(SolutionConfigurationPlatforms) = preSolution
		Debug|Any CPU = Debug|Any CPU
		Release|Any CPU = Release|Any CPU
	EndGlobalSection
	GlobalSection(ProjectConfigurationPlatforms) = postSolution
		{310CE048-4E23-4234-A2F8-50AAC5C39611}.Debug|Any CPU.ActiveCfg = Debug|Any CPU
		{310CE048-4E23-4234-A2F8-50AAC5C39611}.Debug|Any CPU.Build.0 = Debug|Any CPU
		{310CE048-4E23-4234-A2F8-50AAC5C39611}.Release|Any CPU.ActiveCfg = Release|Any CPU
		{310CE048-4E23-4234-A2F8-50AAC5C39611}.Release|Any CPU.Build.0 = Release|Any CPU
		{01BE5131-635C-4145-A202-BBB52AFEE819}.Debug|Any CPU.ActiveCfg = Debug|Any CPU
		{01BE5131-635C-4145-A202-BBB52AFEE819}.Debug|Any CPU.Build.0 = Debug|Any CPU
		{01BE5131-635C-4145-A202-BBB52AFEE819}.Release|Any CPU.ActiveCfg = Release|Any CPU
		{01BE5131-635C-4145-A202-BBB52AFEE819}.Release|Any CPU.Build.0 = Release|Any CPU
		{BFFD80B2-0641-4873-94E0-F6CAB1BFBC8E}.Debug|Any CPU.ActiveCfg = Debug|Any CPU
		{BFFD80B2-0641-4873-94E0-F6CAB1BFBC8E}.Debug|Any CPU.Build.0 = Debug|Any CPU
		{BFFD80B2-0641-4873-94E0-F6CAB1BFBC8E}.Release|Any CPU.ActiveCfg = Release|Any CPU
		{BFFD80B2-0641-4873-94E0-F6CAB1BFBC8E}.Release|Any CPU.Build.0 = Release|Any CPU
	EndGlobalSection
	GlobalSection(SolutionProperties) = preSolution
		HideSolutionNode = FALSE
	EndGlobalSection
	GlobalSection(ExtensibilityGlobals) = postSolution
		SolutionGuid = {5DB0FBD8-B3BA-4780-9E9C-EA97EB7A19CC}
	EndGlobalSection
EndGlobal
